// !$*UTF8*$!
{
	archiveVersion = 1;
	classes = {
	};
	objectVersion = 55;
	objects = {

/* Begin PBXBuildFile section */
		9A408D6E286AD3B600B8A6DB /* TestsiOS.swift in Sources */ = {isa = PBXBuildFile; fileRef = 9A408D6D286AD3B600B8A6DB /* TestsiOS.swift */; };
		9A408D70286AD3B600B8A6DB /* TestsiOSLaunchTests.swift in Sources */ = {isa = PBXBuildFile; fileRef = 9A408D6F286AD3B600B8A6DB /* TestsiOSLaunchTests.swift */; };
		9A408D7A286AD3B600B8A6DB /* TestsMacOS.swift in Sources */ = {isa = PBXBuildFile; fileRef = 9A408D79286AD3B600B8A6DB /* TestsMacOS.swift */; };
		9A408D7C286AD3B600B8A6DB /* TestsMacOSLaunchTests.swift in Sources */ = {isa = PBXBuildFile; fileRef = 9A408D7B286AD3B600B8A6DB /* TestsMacOSLaunchTests.swift */; };
		9A408D7D286AD3B600B8A6DB /* TopTestApp.swift in Sources */ = {isa = PBXBuildFile; fileRef = 9A408D55286AD3B500B8A6DB /* TopTestApp.swift */; };
		9A408D7E286AD3B600B8A6DB /* TopTestApp.swift in Sources */ = {isa = PBXBuildFile; fileRef = 9A408D55286AD3B500B8A6DB /* TopTestApp.swift */; };
		9A408D81286AD3B600B8A6DB /* Assets.xcassets in Resources */ = {isa = PBXBuildFile; fileRef = 9A408D57286AD3B600B8A6DB /* Assets.xcassets */; };
		9A408D82286AD3B600B8A6DB /* Assets.xcassets in Resources */ = {isa = PBXBuildFile; fileRef = 9A408D57286AD3B600B8A6DB /* Assets.xcassets */; };
		9A408D99286AD53F00B8A6DB /* Authorize.swift in Sources */ = {isa = PBXBuildFile; fileRef = 9A408D98286AD53F00B8A6DB /* Authorize.swift */; };
		9A408D9B286AD55400B8A6DB /* NetworkService.swift in Sources */ = {isa = PBXBuildFile; fileRef = 9A408D9A286AD55400B8A6DB /* NetworkService.swift */; };
		9A408D9D286AD56100B8A6DB /* URLPieces.swift in Sources */ = {isa = PBXBuildFile; fileRef = 9A408D9C286AD56100B8A6DB /* URLPieces.swift */; };
		9A408DA1286AD58400B8A6DB /* LoginView.swift in Sources */ = {isa = PBXBuildFile; fileRef = 9A408DA0286AD58400B8A6DB /* LoginView.swift */; };
		9A408DA3286AD58C00B8A6DB /* DetailView.swift in Sources */ = {isa = PBXBuildFile; fileRef = 9A408DA2286AD58C00B8A6DB /* DetailView.swift */; };
		9A408DA7286AD63800B8A6DB /* Constants.swift in Sources */ = {isa = PBXBuildFile; fileRef = 9A408DA6286AD63800B8A6DB /* Constants.swift */; };
		9A408DA9286AD8A400B8A6DB /* TopgolferGif.swift in Sources */ = {isa = PBXBuildFile; fileRef = 9A408DA8286AD8A400B8A6DB /* TopgolferGif.swift */; };
/* End PBXBuildFile section */

/* Begin PBXContainerItemProxy section */
		9A408D6A286AD3B600B8A6DB /* PBXContainerItemProxy */ = {
			isa = PBXContainerItemProxy;
			containerPortal = 9A408D50286AD3B500B8A6DB /* Project object */;
			proxyType = 1;
			remoteGlobalIDString = 9A408D5B286AD3B600B8A6DB;
			remoteInfo = "TopTest (iOS)";
		};
		9A408D76286AD3B600B8A6DB /* PBXContainerItemProxy */ = {
			isa = PBXContainerItemProxy;
			containerPortal = 9A408D50286AD3B500B8A6DB /* Project object */;
			proxyType = 1;
			remoteGlobalIDString = 9A408D61286AD3B600B8A6DB;
			remoteInfo = "TopTest (macOS)";
		};
/* End PBXContainerItemProxy section */

/* Begin PBXFileReference section */
		9A408D55286AD3B500B8A6DB /* TopTestApp.swift */ = {isa = PBXFileReference; lastKnownFileType = sourcecode.swift; path = TopTestApp.swift; sourceTree = "<group>"; };
		9A408D57286AD3B600B8A6DB /* Assets.xcassets */ = {isa = PBXFileReference; lastKnownFileType = folder.assetcatalog; path = Assets.xcassets; sourceTree = "<group>"; };
		9A408D5C286AD3B600B8A6DB /* TopTest.app */ = {isa = PBXFileReference; explicitFileType = wrapper.application; includeInIndex = 0; path = TopTest.app; sourceTree = BUILT_PRODUCTS_DIR; };
		9A408D62286AD3B600B8A6DB /* TopTest.app */ = {isa = PBXFileReference; explicitFileType = wrapper.application; includeInIndex = 0; path = TopTest.app; sourceTree = BUILT_PRODUCTS_DIR; };
		9A408D64286AD3B600B8A6DB /* macOS.entitlements */ = {isa = PBXFileReference; lastKnownFileType = text.plist.entitlements; path = macOS.entitlements; sourceTree = "<group>"; };
		9A408D69286AD3B600B8A6DB /* Tests iOS.xctest */ = {isa = PBXFileReference; explicitFileType = wrapper.cfbundle; includeInIndex = 0; path = "Tests iOS.xctest"; sourceTree = BUILT_PRODUCTS_DIR; };
		9A408D6D286AD3B600B8A6DB /* TestsiOS.swift */ = {isa = PBXFileReference; lastKnownFileType = sourcecode.swift; path = TestsiOS.swift; sourceTree = "<group>"; };
		9A408D6F286AD3B600B8A6DB /* TestsiOSLaunchTests.swift */ = {isa = PBXFileReference; lastKnownFileType = sourcecode.swift; path = TestsiOSLaunchTests.swift; sourceTree = "<group>"; };
		9A408D75286AD3B600B8A6DB /* Tests macOS.xctest */ = {isa = PBXFileReference; explicitFileType = wrapper.cfbundle; includeInIndex = 0; path = "Tests macOS.xctest"; sourceTree = BUILT_PRODUCTS_DIR; };
		9A408D79286AD3B600B8A6DB /* TestsMacOS.swift */ = {isa = PBXFileReference; lastKnownFileType = sourcecode.swift; path = TestsMacOS.swift; sourceTree = "<group>"; };
		9A408D7B286AD3B600B8A6DB /* TestsMacOSLaunchTests.swift */ = {isa = PBXFileReference; lastKnownFileType = sourcecode.swift; path = TestsMacOSLaunchTests.swift; sourceTree = "<group>"; };
		9A408D98286AD53F00B8A6DB /* Authorize.swift */ = {isa = PBXFileReference; lastKnownFileType = sourcecode.swift; path = Authorize.swift; sourceTree = "<group>"; };
		9A408D9A286AD55400B8A6DB /* NetworkService.swift */ = {isa = PBXFileReference; lastKnownFileType = sourcecode.swift; path = NetworkService.swift; sourceTree = "<group>"; };
		9A408D9C286AD56100B8A6DB /* URLPieces.swift */ = {isa = PBXFileReference; lastKnownFileType = sourcecode.swift; path = URLPieces.swift; sourceTree = "<group>"; };
		9A408DA0286AD58400B8A6DB /* LoginView.swift */ = {isa = PBXFileReference; lastKnownFileType = sourcecode.swift; path = LoginView.swift; sourceTree = "<group>"; };
		9A408DA2286AD58C00B8A6DB /* DetailView.swift */ = {isa = PBXFileReference; lastKnownFileType = sourcecode.swift; path = DetailView.swift; sourceTree = "<group>"; };
		9A408DA6286AD63800B8A6DB /* Constants.swift */ = {isa = PBXFileReference; lastKnownFileType = sourcecode.swift; path = Constants.swift; sourceTree = "<group>"; };
		9A408DA8286AD8A400B8A6DB /* TopgolferGif.swift */ = {isa = PBXFileReference; lastKnownFileType = sourcecode.swift; path = TopgolferGif.swift; sourceTree = "<group>"; };
		9AADC239286C405700A8EBFF /* README.md */ = {isa = PBXFileReference; lastKnownFileType = net.daringfireball.markdown; path = README.md; sourceTree = "<group>"; };
/* End PBXFileReference section */

/* Begin PBXFrameworksBuildPhase section */
		9A408D59286AD3B600B8A6DB /* Frameworks */ = {
			isa = PBXFrameworksBuildPhase;
			buildActionMask = 2147483647;
			files = (
			);
			runOnlyForDeploymentPostprocessing = 0;
		};
		9A408D5F286AD3B600B8A6DB /* Frameworks */ = {
			isa = PBXFrameworksBuildPhase;
			buildActionMask = 2147483647;
			files = (
			);
			runOnlyForDeploymentPostprocessing = 0;
		};
		9A408D66286AD3B600B8A6DB /* Frameworks */ = {
			isa = PBXFrameworksBuildPhase;
			buildActionMask = 2147483647;
			files = (
			);
			runOnlyForDeploymentPostprocessing = 0;
		};
		9A408D72286AD3B600B8A6DB /* Frameworks */ = {
			isa = PBXFrameworksBuildPhase;
			buildActionMask = 2147483647;
			files = (
			);
			runOnlyForDeploymentPostprocessing = 0;
		};
/* End PBXFrameworksBuildPhase section */

/* Begin PBXGroup section */
		9A408D4F286AD3B500B8A6DB = {
			isa = PBXGroup;
			children = (
				9AADC239286C405700A8EBFF /* README.md */,
				9A408D54286AD3B500B8A6DB /* Shared */,
				9A408D57286AD3B600B8A6DB /* Assets.xcassets */,
				9A408D63286AD3B600B8A6DB /* macOS */,
				9A408D6C286AD3B600B8A6DB /* Tests iOS */,
				9A408D78286AD3B600B8A6DB /* Tests macOS */,
				9A408D5D286AD3B600B8A6DB /* Products */,
			);
			sourceTree = "<group>";
		};
		9A408D54286AD3B500B8A6DB /* Shared */ = {
			isa = PBXGroup;
			children = (
				9A408D55286AD3B500B8A6DB /* TopTestApp.swift */,
				9A408DA6286AD63800B8A6DB /* Constants.swift */,
				9A408D97286AD4EE00B8A6DB /* Core Models */,
				9A408D96286AD4EB00B8A6DB /* View Models */,
				9A408D95286AD4E800B8A6DB /* Networking Layer */,
				9A408D93286AD4D800B8A6DB /* Scenes */,
			);
			path = Shared;
			sourceTree = "<group>";
		};
		9A408D5D286AD3B600B8A6DB /* Products */ = {
			isa = PBXGroup;
			children = (
				9A408D5C286AD3B600B8A6DB /* TopTest.app */,
				9A408D62286AD3B600B8A6DB /* TopTest.app */,
				9A408D69286AD3B600B8A6DB /* Tests iOS.xctest */,
				9A408D75286AD3B600B8A6DB /* Tests macOS.xctest */,
			);
			name = Products;
			sourceTree = "<group>";
		};
		9A408D63286AD3B600B8A6DB /* macOS */ = {
			isa = PBXGroup;
			children = (
				9A408D64286AD3B600B8A6DB /* macOS.entitlements */,
			);
			path = macOS;
			sourceTree = "<group>";
		};
		9A408D6C286AD3B600B8A6DB /* Tests iOS */ = {
			isa = PBXGroup;
			children = (
				9A408D6D286AD3B600B8A6DB /* TestsiOS.swift */,
				9A408D6F286AD3B600B8A6DB /* TestsiOSLaunchTests.swift */,
			);
			path = "Tests iOS";
			sourceTree = "<group>";
		};
		9A408D78286AD3B600B8A6DB /* Tests macOS */ = {
			isa = PBXGroup;
			children = (
				9A408D79286AD3B600B8A6DB /* TestsMacOS.swift */,
				9A408D7B286AD3B600B8A6DB /* TestsMacOSLaunchTests.swift */,
			);
			path = "Tests macOS";
			sourceTree = "<group>";
		};
		9A408D93286AD4D800B8A6DB /* Scenes */ = {
			isa = PBXGroup;
			children = (
				9A408D9E286AD56C00B8A6DB /* Login */,
				9A408D9F286AD57000B8A6DB /* Detail */,
			);
			path = Scenes;
			sourceTree = "<group>";
		};
		9A408D95286AD4E800B8A6DB /* Networking Layer */ = {
			isa = PBXGroup;
			children = (
				9A408D9A286AD55400B8A6DB /* NetworkService.swift */,
				9A408D9C286AD56100B8A6DB /* URLPieces.swift */,
			);
			path = "Networking Layer";
			sourceTree = "<group>";
		};
		9A408D96286AD4EB00B8A6DB /* View Models */ = {
			isa = PBXGroup;
			children = (
				9A408D98286AD53F00B8A6DB /* Authorize.swift */,
			);
			path = "View Models";
			sourceTree = "<group>";
		};
		9A408D97286AD4EE00B8A6DB /* Core Models */ = {
			isa = PBXGroup;
			children = (
				9A408DA8286AD8A400B8A6DB /* TopgolferGif.swift */,
			);
			path = "Core Models";
			sourceTree = "<group>";
		};
		9A408D9E286AD56C00B8A6DB /* Login */ = {
			isa = PBXGroup;
			children = (
				9A408DA0286AD58400B8A6DB /* LoginView.swift */,
			);
			path = Login;
			sourceTree = "<group>";
		};
		9A408D9F286AD57000B8A6DB /* Detail */ = {
			isa = PBXGroup;
			children = (
				9A408DA2286AD58C00B8A6DB /* DetailView.swift */,
			);
			path = Detail;
			sourceTree = "<group>";
		};
/* End PBXGroup section */

/* Begin PBXNativeTarget section */
		9A408D5B286AD3B600B8A6DB /* TopTest (iOS) */ = {
			isa = PBXNativeTarget;
			buildConfigurationList = 9A408D85286AD3B600B8A6DB /* Build configuration list for PBXNativeTarget "TopTest (iOS)" */;
			buildPhases = (
				9A408D58286AD3B600B8A6DB /* Sources */,
				9A469D1A286B621400E09B42 /* ShellScript */,
				9A408D59286AD3B600B8A6DB /* Frameworks */,
				9A408D5A286AD3B600B8A6DB /* Resources */,
			);
			buildRules = (
			);
			dependencies = (
			);
			name = "TopTest (iOS)";
			productName = "TopTest (iOS)";
			productReference = 9A408D5C286AD3B600B8A6DB /* TopTest.app */;
			productType = "com.apple.product-type.application";
		};
		9A408D61286AD3B600B8A6DB /* TopTest (macOS) */ = {
			isa = PBXNativeTarget;
			buildConfigurationList = 9A408D88286AD3B600B8A6DB /* Build configuration list for PBXNativeTarget "TopTest (macOS)" */;
			buildPhases = (
				9A408D5E286AD3B600B8A6DB /* Sources */,
				9A408D5F286AD3B600B8A6DB /* Frameworks */,
				9A408D60286AD3B600B8A6DB /* Resources */,
			);
			buildRules = (
			);
			dependencies = (
			);
			name = "TopTest (macOS)";
			productName = "TopTest (macOS)";
			productReference = 9A408D62286AD3B600B8A6DB /* TopTest.app */;
			productType = "com.apple.product-type.application";
		};
		9A408D68286AD3B600B8A6DB /* Tests iOS */ = {
			isa = PBXNativeTarget;
			buildConfigurationList = 9A408D8B286AD3B600B8A6DB /* Build configuration list for PBXNativeTarget "Tests iOS" */;
			buildPhases = (
				9A408D65286AD3B600B8A6DB /* Sources */,
				9A408D66286AD3B600B8A6DB /* Frameworks */,
				9A408D67286AD3B600B8A6DB /* Resources */,
			);
			buildRules = (
			);
			dependencies = (
				9A408D6B286AD3B600B8A6DB /* PBXTargetDependency */,
			);
			name = "Tests iOS";
			productName = "Tests iOS";
			productReference = 9A408D69286AD3B600B8A6DB /* Tests iOS.xctest */;
			productType = "com.apple.product-type.bundle.ui-testing";
		};
		9A408D74286AD3B600B8A6DB /* Tests macOS */ = {
			isa = PBXNativeTarget;
			buildConfigurationList = 9A408D8E286AD3B600B8A6DB /* Build configuration list for PBXNativeTarget "Tests macOS" */;
			buildPhases = (
				9A408D71286AD3B600B8A6DB /* Sources */,
				9A408D72286AD3B600B8A6DB /* Frameworks */,
				9A408D73286AD3B600B8A6DB /* Resources */,
			);
			buildRules = (
			);
			dependencies = (
				9A408D77286AD3B600B8A6DB /* PBXTargetDependency */,
			);
			name = "Tests macOS";
			productName = "Tests macOS";
			productReference = 9A408D75286AD3B600B8A6DB /* Tests macOS.xctest */;
			productType = "com.apple.product-type.bundle.ui-testing";
		};
/* End PBXNativeTarget section */

/* Begin PBXProject section */
		9A408D50286AD3B500B8A6DB /* Project object */ = {
			isa = PBXProject;
			attributes = {
				BuildIndependentTargetsInParallel = 1;
				LastSwiftUpdateCheck = 1340;
				LastUpgradeCheck = 1340;
				TargetAttributes = {
					9A408D5B286AD3B600B8A6DB = {
						CreatedOnToolsVersion = 13.4.1;
					};
					9A408D61286AD3B600B8A6DB = {
						CreatedOnToolsVersion = 13.4.1;
					};
					9A408D68286AD3B600B8A6DB = {
						CreatedOnToolsVersion = 13.4.1;
						TestTargetID = 9A408D5B286AD3B600B8A6DB;
					};
					9A408D74286AD3B600B8A6DB = {
						CreatedOnToolsVersion = 13.4.1;
						TestTargetID = 9A408D61286AD3B600B8A6DB;
					};
				};
			};
			buildConfigurationList = 9A408D53286AD3B500B8A6DB /* Build configuration list for PBXProject "TopTest" */;
			compatibilityVersion = "Xcode 13.0";
			developmentRegion = en;
			hasScannedForEncodings = 0;
			knownRegions = (
				en,
				Base,
			);
			mainGroup = 9A408D4F286AD3B500B8A6DB;
			productRefGroup = 9A408D5D286AD3B600B8A6DB /* Products */;
			projectDirPath = "";
			projectRoot = "";
			targets = (
				9A408D5B286AD3B600B8A6DB /* TopTest (iOS) */,
				9A408D61286AD3B600B8A6DB /* TopTest (macOS) */,
				9A408D68286AD3B600B8A6DB /* Tests iOS */,
				9A408D74286AD3B600B8A6DB /* Tests macOS */,
			);
		};
/* End PBXProject section */

/* Begin PBXResourcesBuildPhase section */
		9A408D5A286AD3B600B8A6DB /* Resources */ = {
			isa = PBXResourcesBuildPhase;
			buildActionMask = 2147483647;
			files = (
				9A408D81286AD3B600B8A6DB /* Assets.xcassets in Resources */,
			);
			runOnlyForDeploymentPostprocessing = 0;
		};
		9A408D60286AD3B600B8A6DB /* Resources */ = {
			isa = PBXResourcesBuildPhase;
			buildActionMask = 2147483647;
			files = (
				9A408D82286AD3B600B8A6DB /* Assets.xcassets in Resources */,
			);
			runOnlyForDeploymentPostprocessing = 0;
		};
		9A408D67286AD3B600B8A6DB /* Resources */ = {
			isa = PBXResourcesBuildPhase;
			buildActionMask = 2147483647;
			files = (
			);
			runOnlyForDeploymentPostprocessing = 0;
		};
		9A408D73286AD3B600B8A6DB /* Resources */ = {
			isa = PBXResourcesBuildPhase;
			buildActionMask = 2147483647;
			files = (
			);
			runOnlyForDeploymentPostprocessing = 0;
		};
/* End PBXResourcesBuildPhase section */

/* Begin PBXShellScriptBuildPhase section */
		9A469D1A286B621400E09B42 /* ShellScript */ = {
			isa = PBXShellScriptBuildPhase;
			buildActionMask = 2147483647;
			files = (
			);
			inputFileListPaths = (
			);
			inputPaths = (
			);
			outputFileListPaths = (
			);
			outputPaths = (
			);
			runOnlyForDeploymentPostprocessing = 0;
			shellPath = /bin/sh;
			shellScript = "export PATH=\"$PATH:/opt/homebrew/bin\"\nif which swiftlint > /dev/null; then\n    swiftlint lint --fix --format && swiftlint\nelse\n  echo \"warning: SwiftLint not installed, download from https://github.com/realm/SwiftLint\\n note:       …or if you have brew, install using…\\n note:      brew install swiftlint\"\n  exit 1\nfi\n";
		};
/* End PBXShellScriptBuildPhase section */

/* Begin PBXSourcesBuildPhase section */
		9A408D58286AD3B600B8A6DB /* Sources */ = {
			isa = PBXSourcesBuildPhase;
			buildActionMask = 2147483647;
			files = (
				9A408DA1286AD58400B8A6DB /* LoginView.swift in Sources */,
				9A408D99286AD53F00B8A6DB /* Authorize.swift in Sources */,
				9A408DA3286AD58C00B8A6DB /* DetailView.swift in Sources */,
				9A408D9B286AD55400B8A6DB /* NetworkService.swift in Sources */,
				9A408D9D286AD56100B8A6DB /* URLPieces.swift in Sources */,
				9A408DA9286AD8A400B8A6DB /* TopgolferGif.swift in Sources */,
				9A408D7D286AD3B600B8A6DB /* TopTestApp.swift in Sources */,
				9A408DA7286AD63800B8A6DB /* Constants.swift in Sources */,
			);
			runOnlyForDeploymentPostprocessing = 0;
		};
		9A408D5E286AD3B600B8A6DB /* Sources */ = {
			isa = PBXSourcesBuildPhase;
			buildActionMask = 2147483647;
			files = (
				9A408D7E286AD3B600B8A6DB /* TopTestApp.swift in Sources */,
			);
			runOnlyForDeploymentPostprocessing = 0;
		};
		9A408D65286AD3B600B8A6DB /* Sources */ = {
			isa = PBXSourcesBuildPhase;
			buildActionMask = 2147483647;
			files = (
				9A408D70286AD3B600B8A6DB /* TestsiOSLaunchTests.swift in Sources */,
				9A408D6E286AD3B600B8A6DB /* TestsiOS.swift in Sources */,
			);
			runOnlyForDeploymentPostprocessing = 0;
		};
		9A408D71286AD3B600B8A6DB /* Sources */ = {
			isa = PBXSourcesBuildPhase;
			buildActionMask = 2147483647;
			files = (
				9A408D7C286AD3B600B8A6DB /* TestsMacOSLaunchTests.swift in Sources */,
				9A408D7A286AD3B600B8A6DB /* TestsMacOS.swift in Sources */,
			);
			runOnlyForDeploymentPostprocessing = 0;
		};
/* End PBXSourcesBuildPhase section */

/* Begin PBXTargetDependency section */
		9A408D6B286AD3B600B8A6DB /* PBXTargetDependency */ = {
			isa = PBXTargetDependency;
			target = 9A408D5B286AD3B600B8A6DB /* TopTest (iOS) */;
			targetProxy = 9A408D6A286AD3B600B8A6DB /* PBXContainerItemProxy */;
		};
		9A408D77286AD3B600B8A6DB /* PBXTargetDependency */ = {
			isa = PBXTargetDependency;
			target = 9A408D61286AD3B600B8A6DB /* TopTest (macOS) */;
			targetProxy = 9A408D76286AD3B600B8A6DB /* PBXContainerItemProxy */;
		};
/* End PBXTargetDependency section */

/* Begin XCBuildConfiguration section */
		9A408D83286AD3B600B8A6DB /* Debug */ = {
			isa = XCBuildConfiguration;
			buildSettings = {
				ALWAYS_SEARCH_USER_PATHS = NO;
				CLANG_ANALYZER_NONNULL = YES;
				CLANG_ANALYZER_NUMBER_OBJECT_CONVERSION = YES_AGGRESSIVE;
				CLANG_CXX_LANGUAGE_STANDARD = "gnu++17";
				CLANG_ENABLE_MODULES = YES;
				CLANG_ENABLE_OBJC_ARC = YES;
				CLANG_ENABLE_OBJC_WEAK = YES;
				CLANG_WARN_BLOCK_CAPTURE_AUTORELEASING = YES;
				CLANG_WARN_BOOL_CONVERSION = YES;
				CLANG_WARN_COMMA = YES;
				CLANG_WARN_CONSTANT_CONVERSION = YES;
				CLANG_WARN_DEPRECATED_OBJC_IMPLEMENTATIONS = YES;
				CLANG_WARN_DIRECT_OBJC_ISA_USAGE = YES_ERROR;
				CLANG_WARN_DOCUMENTATION_COMMENTS = YES;
				CLANG_WARN_EMPTY_BODY = YES;
				CLANG_WARN_ENUM_CONVERSION = YES;
				CLANG_WARN_INFINITE_RECURSION = YES;
				CLANG_WARN_INT_CONVERSION = YES;
				CLANG_WARN_NON_LITERAL_NULL_CONVERSION = YES;
				CLANG_WARN_OBJC_IMPLICIT_RETAIN_SELF = YES;
				CLANG_WARN_OBJC_LITERAL_CONVERSION = YES;
				CLANG_WARN_OBJC_ROOT_CLASS = YES_ERROR;
				CLANG_WARN_QUOTED_INCLUDE_IN_FRAMEWORK_HEADER = YES;
				CLANG_WARN_RANGE_LOOP_ANALYSIS = YES;
				CLANG_WARN_STRICT_PROTOTYPES = YES;
				CLANG_WARN_SUSPICIOUS_MOVE = YES;
				CLANG_WARN_UNGUARDED_AVAILABILITY = YES_AGGRESSIVE;
				CLANG_WARN_UNREACHABLE_CODE = YES;
				CLANG_WARN__DUPLICATE_METHOD_MATCH = YES;
				COPY_PHASE_STRIP = NO;
				DEBUG_INFORMATION_FORMAT = dwarf;
				ENABLE_STRICT_OBJC_MSGSEND = YES;
				ENABLE_TESTABILITY = YES;
				GCC_C_LANGUAGE_STANDARD = gnu11;
				GCC_DYNAMIC_NO_PIC = NO;
				GCC_NO_COMMON_BLOCKS = YES;
				GCC_OPTIMIZATION_LEVEL = 0;
				GCC_PREPROCESSOR_DEFINITIONS = (
					"DEBUG=1",
					"$(inherited)",
				);
				GCC_WARN_64_TO_32_BIT_CONVERSION = YES;
				GCC_WARN_ABOUT_RETURN_TYPE = YES_ERROR;
				GCC_WARN_UNDECLARED_SELECTOR = YES;
				GCC_WARN_UNINITIALIZED_AUTOS = YES_AGGRESSIVE;
				GCC_WARN_UNUSED_FUNCTION = YES;
				GCC_WARN_UNUSED_VARIABLE = YES;
				MTL_ENABLE_DEBUG_INFO = INCLUDE_SOURCE;
				MTL_FAST_MATH = YES;
				ONLY_ACTIVE_ARCH = YES;
				SWIFT_ACTIVE_COMPILATION_CONDITIONS = DEBUG;
				SWIFT_OPTIMIZATION_LEVEL = "-Onone";
			};
			name = Debug;
		};
		9A408D84286AD3B600B8A6DB /* Release */ = {
			isa = XCBuildConfiguration;
			buildSettings = {
				ALWAYS_SEARCH_USER_PATHS = NO;
				CLANG_ANALYZER_NONNULL = YES;
				CLANG_ANALYZER_NUMBER_OBJECT_CONVERSION = YES_AGGRESSIVE;
				CLANG_CXX_LANGUAGE_STANDARD = "gnu++17";
				CLANG_ENABLE_MODULES = YES;
				CLANG_ENABLE_OBJC_ARC = YES;
				CLANG_ENABLE_OBJC_WEAK = YES;
				CLANG_WARN_BLOCK_CAPTURE_AUTORELEASING = YES;
				CLANG_WARN_BOOL_CONVERSION = YES;
				CLANG_WARN_COMMA = YES;
				CLANG_WARN_CONSTANT_CONVERSION = YES;
				CLANG_WARN_DEPRECATED_OBJC_IMPLEMENTATIONS = YES;
				CLANG_WARN_DIRECT_OBJC_ISA_USAGE = YES_ERROR;
				CLANG_WARN_DOCUMENTATION_COMMENTS = YES;
				CLANG_WARN_EMPTY_BODY = YES;
				CLANG_WARN_ENUM_CONVERSION = YES;
				CLANG_WARN_INFINITE_RECURSION = YES;
				CLANG_WARN_INT_CONVERSION = YES;
				CLANG_WARN_NON_LITERAL_NULL_CONVERSION = YES;
				CLANG_WARN_OBJC_IMPLICIT_RETAIN_SELF = YES;
				CLANG_WARN_OBJC_LITERAL_CONVERSION = YES;
				CLANG_WARN_OBJC_ROOT_CLASS = YES_ERROR;
				CLANG_WARN_QUOTED_INCLUDE_IN_FRAMEWORK_HEADER = YES;
				CLANG_WARN_RANGE_LOOP_ANALYSIS = YES;
				CLANG_WARN_STRICT_PROTOTYPES = YES;
				CLANG_WARN_SUSPICIOUS_MOVE = YES;
				CLANG_WARN_UNGUARDED_AVAILABILITY = YES_AGGRESSIVE;
				CLANG_WARN_UNREACHABLE_CODE = YES;
				CLANG_WARN__DUPLICATE_METHOD_MATCH = YES;
				COPY_PHASE_STRIP = NO;
				DEBUG_INFORMATION_FORMAT = "dwarf-with-dsym";
				ENABLE_NS_ASSERTIONS = NO;
				ENABLE_STRICT_OBJC_MSGSEND = YES;
				GCC_C_LANGUAGE_STANDARD = gnu11;
				GCC_NO_COMMON_BLOCKS = YES;
				GCC_WARN_64_TO_32_BIT_CONVERSION = YES;
				GCC_WARN_ABOUT_RETURN_TYPE = YES_ERROR;
				GCC_WARN_UNDECLARED_SELECTOR = YES;
				GCC_WARN_UNINITIALIZED_AUTOS = YES_AGGRESSIVE;
				GCC_WARN_UNUSED_FUNCTION = YES;
				GCC_WARN_UNUSED_VARIABLE = YES;
				MTL_ENABLE_DEBUG_INFO = NO;
				MTL_FAST_MATH = YES;
				SWIFT_COMPILATION_MODE = wholemodule;
				SWIFT_OPTIMIZATION_LEVEL = "-O";
			};
			name = Release;
		};
		9A408D86286AD3B600B8A6DB /* Debug */ = {
			isa = XCBuildConfiguration;
			buildSettings = {
				ASSETCATALOG_COMPILER_APPICON_NAME = AppIcon;
				ASSETCATALOG_COMPILER_GLOBAL_ACCENT_COLOR_NAME = AccentColor;
				CODE_SIGN_STYLE = Automatic;
				CURRENT_PROJECT_VERSION = 1;
				DEVELOPMENT_TEAM = NLZU7DD692;
				ENABLE_PREVIEWS = YES;
				GENERATE_INFOPLIST_FILE = YES;
				INFOPLIST_KEY_UIApplicationSceneManifest_Generation = YES;
				INFOPLIST_KEY_UIApplicationSupportsIndirectInputEvents = YES;
				INFOPLIST_KEY_UILaunchScreen_Generation = YES;
				INFOPLIST_KEY_UISupportedInterfaceOrientations_iPad = "UIInterfaceOrientationPortrait UIInterfaceOrientationPortraitUpsideDown UIInterfaceOrientationLandscapeLeft UIInterfaceOrientationLandscapeRight";
				INFOPLIST_KEY_UISupportedInterfaceOrientations_iPhone = "UIInterfaceOrientationPortrait UIInterfaceOrientationLandscapeLeft UIInterfaceOrientationLandscapeRight";
				IPHONEOS_DEPLOYMENT_TARGET = 15.5;
				LD_RUNPATH_SEARCH_PATHS = (
					"$(inherited)",
					"@executable_path/Frameworks",
				);
				MARKETING_VERSION = 1.0;
				PRODUCT_BUNDLE_IDENTIFIER = com.colpointblue.TopTest;
				PRODUCT_NAME = TopTest;
				SDKROOT = iphoneos;
				SWIFT_EMIT_LOC_STRINGS = YES;
				SWIFT_VERSION = 5.0;
				TARGETED_DEVICE_FAMILY = "1,2";
			};
			name = Debug;
		};
		9A408D87286AD3B600B8A6DB /* Release */ = {
			isa = XCBuildConfiguration;
			buildSettings = {
				ASSETCATALOG_COMPILER_APPICON_NAME = AppIcon;
				ASSETCATALOG_COMPILER_GLOBAL_ACCENT_COLOR_NAME = AccentColor;
				CODE_SIGN_STYLE = Automatic;
				CURRENT_PROJECT_VERSION = 1;
				DEVELOPMENT_TEAM = NLZU7DD692;
				ENABLE_PREVIEWS = YES;
				GENERATE_INFOPLIST_FILE = YES;
				INFOPLIST_KEY_UIApplicationSceneManifest_Generation = YES;
				INFOPLIST_KEY_UIApplicationSupportsIndirectInputEvents = YES;
				INFOPLIST_KEY_UILaunchScreen_Generation = YES;
				INFOPLIST_KEY_UISupportedInterfaceOrientations_iPad = "UIInterfaceOrientationPortrait UIInterfaceOrientationPortraitUpsideDown UIInterfaceOrientationLandscapeLeft UIInterfaceOrientationLandscapeRight";
				INFOPLIST_KEY_UISupportedInterfaceOrientations_iPhone = "UIInterfaceOrientationPortrait UIInterfaceOrientationLandscapeLeft UIInterfaceOrientationLandscapeRight";
				IPHONEOS_DEPLOYMENT_TARGET = 15.5;
				LD_RUNPATH_SEARCH_PATHS = (
					"$(inherited)",
					"@executable_path/Frameworks",
				);
				MARKETING_VERSION = 1.0;
				PRODUCT_BUNDLE_IDENTIFIER = com.colpointblue.TopTest;
				PRODUCT_NAME = TopTest;
				SDKROOT = iphoneos;
				SWIFT_EMIT_LOC_STRINGS = YES;
				SWIFT_VERSION = 5.0;
				TARGETED_DEVICE_FAMILY = "1,2";
				VALIDATE_PRODUCT = YES;
			};
			name = Release;
		};
		9A408D89286AD3B600B8A6DB /* Debug */ = {
			isa = XCBuildConfiguration;
			buildSettings = {
				ASSETCATALOG_COMPILER_APPICON_NAME = AppIcon;
				ASSETCATALOG_COMPILER_GLOBAL_ACCENT_COLOR_NAME = AccentColor;
				CODE_SIGN_ENTITLEMENTS = macOS/macOS.entitlements;
				CODE_SIGN_STYLE = Automatic;
				COMBINE_HIDPI_IMAGES = YES;
				CURRENT_PROJECT_VERSION = 1;
				DEVELOPMENT_TEAM = NLZU7DD692;
				ENABLE_HARDENED_RUNTIME = YES;
				ENABLE_PREVIEWS = YES;
				GENERATE_INFOPLIST_FILE = YES;
				INFOPLIST_KEY_NSHumanReadableCopyright = "";
				LD_RUNPATH_SEARCH_PATHS = (
					"$(inherited)",
					"@executable_path/../Frameworks",
				);
				MACOSX_DEPLOYMENT_TARGET = 12.3;
				MARKETING_VERSION = 1.0;
				PRODUCT_BUNDLE_IDENTIFIER = com.colpointblue.TopTest;
				PRODUCT_NAME = TopTest;
				SDKROOT = macosx;
				SWIFT_EMIT_LOC_STRINGS = YES;
				SWIFT_VERSION = 5.0;
			};
			name = Debug;
		};
		9A408D8A286AD3B600B8A6DB /* Release */ = {
			isa = XCBuildConfiguration;
			buildSettings = {
				ASSETCATALOG_COMPILER_APPICON_NAME = AppIcon;
				ASSETCATALOG_COMPILER_GLOBAL_ACCENT_COLOR_NAME = AccentColor;
				CODE_SIGN_ENTITLEMENTS = macOS/macOS.entitlements;
				CODE_SIGN_STYLE = Automatic;
				COMBINE_HIDPI_IMAGES = YES;
				CURRENT_PROJECT_VERSION = 1;
				DEVELOPMENT_TEAM = NLZU7DD692;
				ENABLE_HARDENED_RUNTIME = YES;
				ENABLE_PREVIEWS = YES;
				GENERATE_INFOPLIST_FILE = YES;
				INFOPLIST_KEY_NSHumanReadableCopyright = "";
				LD_RUNPATH_SEARCH_PATHS = (
					"$(inherited)",
					"@executable_path/../Frameworks",
				);
				MACOSX_DEPLOYMENT_TARGET = 12.3;
				MARKETING_VERSION = 1.0;
				PRODUCT_BUNDLE_IDENTIFIER = com.colpointblue.TopTest;
				PRODUCT_NAME = TopTest;
				SDKROOT = macosx;
				SWIFT_EMIT_LOC_STRINGS = YES;
				SWIFT_VERSION = 5.0;
			};
			name = Release;
		};
		9A408D8C286AD3B600B8A6DB /* Debug */ = {
			isa = XCBuildConfiguration;
			buildSettings = {
				ALWAYS_EMBED_SWIFT_STANDARD_LIBRARIES = YES;
				CODE_SIGN_STYLE = Automatic;
				CURRENT_PROJECT_VERSION = 1;
				DEVELOPMENT_TEAM = NLZU7DD692;
				GENERATE_INFOPLIST_FILE = YES;
				IPHONEOS_DEPLOYMENT_TARGET = 15.5;
				MARKETING_VERSION = 1.0;
				PRODUCT_BUNDLE_IDENTIFIER = "com.colpointblue.Tests-iOS";
				PRODUCT_NAME = "$(TARGET_NAME)";
				SDKROOT = iphoneos;
				SWIFT_EMIT_LOC_STRINGS = NO;
				SWIFT_VERSION = 5.0;
				TARGETED_DEVICE_FAMILY = "1,2";
				TEST_TARGET_NAME = "TopTest (iOS)";
			};
			name = Debug;
		};
		9A408D8D286AD3B600B8A6DB /* Release */ = {
			isa = XCBuildConfiguration;
			buildSettings = {
				ALWAYS_EMBED_SWIFT_STANDARD_LIBRARIES = YES;
				CODE_SIGN_STYLE = Automatic;
				CURRENT_PROJECT_VERSION = 1;
				DEVELOPMENT_TEAM = NLZU7DD692;
				GENERATE_INFOPLIST_FILE = YES;
				IPHONEOS_DEPLOYMENT_TARGET = 15.5;
				MARKETING_VERSION = 1.0;
				PRODUCT_BUNDLE_IDENTIFIER = "com.colpointblue.Tests-iOS";
				PRODUCT_NAME = "$(TARGET_NAME)";
				SDKROOT = iphoneos;
				SWIFT_EMIT_LOC_STRINGS = NO;
				SWIFT_VERSION = 5.0;
				TARGETED_DEVICE_FAMILY = "1,2";
				TEST_TARGET_NAME = "TopTest (iOS)";
				VALIDATE_PRODUCT = YES;
			};
			name = Release;
		};
		9A408D8F286AD3B600B8A6DB /* Debug */ = {
			isa = XCBuildConfiguration;
			buildSettings = {
				ALWAYS_EMBED_SWIFT_STANDARD_LIBRARIES = YES;
				CODE_SIGN_STYLE = Automatic;
				CURRENT_PROJECT_VERSION = 1;
				DEVELOPMENT_TEAM = NLZU7DD692;
				GENERATE_INFOPLIST_FILE = YES;
				MACOSX_DEPLOYMENT_TARGET = 12.3;
				MARKETING_VERSION = 1.0;
				PRODUCT_BUNDLE_IDENTIFIER = "com.colpointblue.Tests-macOS";
				PRODUCT_NAME = "$(TARGET_NAME)";
				SDKROOT = macosx;
				SWIFT_EMIT_LOC_STRINGS = NO;
				SWIFT_VERSION = 5.0;
				TEST_TARGET_NAME = "TopTest (macOS)";
			};
			name = Debug;
		};
		9A408D90286AD3B600B8A6DB /* Release */ = {
			isa = XCBuildConfiguration;
			buildSettings = {
				ALWAYS_EMBED_SWIFT_STANDARD_LIBRARIES = YES;
				CODE_SIGN_STYLE = Automatic;
				CURRENT_PROJECT_VERSION = 1;
				DEVELOPMENT_TEAM = NLZU7DD692;
				GENERATE_INFOPLIST_FILE = YES;
				MACOSX_DEPLOYMENT_TARGET = 12.3;
				MARKETING_VERSION = 1.0;
				PRODUCT_BUNDLE_IDENTIFIER = "com.colpointblue.Tests-macOS";
				PRODUCT_NAME = "$(TARGET_NAME)";
				SDKROOT = macosx;
				SWIFT_EMIT_LOC_STRINGS = NO;
				SWIFT_VERSION = 5.0;
				TEST_TARGET_NAME = "TopTest (macOS)";
			};
			name = Release;
		};
/* End XCBuildConfiguration section */

/* Begin XCConfigurationList section */
		9A408D53286AD3B500B8A6DB /* Build configuration list for PBXProject "TopTest" */ = {
			isa = XCConfigurationList;
			buildConfigurations = (
				9A408D83286AD3B600B8A6DB /* Debug */,
				9A408D84286AD3B600B8A6DB /* Release */,
			);
			defaultConfigurationIsVisible = 0;
			defaultConfigurationName = Release;
		};
		9A408D85286AD3B600B8A6DB /* Build configuration list for PBXNativeTarget "TopTest (iOS)" */ = {
			isa = XCConfigurationList;
			buildConfigurations = (
				9A408D86286AD3B600B8A6DB /* Debug */,
				9A408D87286AD3B600B8A6DB /* Release */,
			);
			defaultConfigurationIsVisible = 0;
			defaultConfigurationName = Release;
		};
		9A408D88286AD3B600B8A6DB /* Build configuration list for PBXNativeTarget "TopTest (macOS)" */ = {
			isa = XCConfigurationList;
			buildConfigurations = (
				9A408D89286AD3B600B8A6DB /* Debug */,
				9A408D8A286AD3B600B8A6DB /* Release */,
			);
			defaultConfigurationIsVisible = 0;
			defaultConfigurationName = Release;
		};
		9A408D8B286AD3B600B8A6DB /* Build configuration list for PBXNativeTarget "Tests iOS" */ = {
			isa = XCConfigurationList;
			buildConfigurations = (
				9A408D8C286AD3B600B8A6DB /* Debug */,
				9A408D8D286AD3B600B8A6DB /* Release */,
			);
			defaultConfigurationIsVisible = 0;
			defaultConfigurationName = Release;
		};
		9A408D8E286AD3B600B8A6DB /* Build configuration list for PBXNativeTarget "Tests macOS" */ = {
			isa = XCConfigurationList;
			buildConfigurations = (
				9A408D8F286AD3B600B8A6DB /* Debug */,
				9A408D90286AD3B600B8A6DB /* Release */,
			);
			defaultConfigurationIsVisible = 0;
			defaultConfigurationName = Release;
		};
/* End XCConfigurationList section */
	};
	rootObject = 9A408D50286AD3B500B8A6DB /* Project object */;
}
